
Microsoft Visual Studio Solution File, Format Version 12.00
# Visual Studio Version 17
VisualStudioVersion = 17.10.35122.118
MinimumVisualStudioVersion = 10.0.40219.1
Project("{FAE04EC0-301F-11D3-BF4B-00C04F79EFBC}") = "Nasa", "Nasa\Nasa.csproj", "{C38B3C35-39DD-4317-9CFA-AE3D1980FC1C}"
EndProject
Global
	GlobalSection(SolutionConfigurationPlatforms) = preSolution
		Debug|Any CPU = Debug|Any CPU
		Release|Any CPU = Release|Any CPU
	EndGlobalSection
	GlobalSection(ProjectConfigurationPlatforms) = postSolution
		{C38B3C35-39DD-4317-9CFA-AE3D1980FC1C}.Debug|Any CPU.ActiveCfg = Debug|Any CPU
		{C38B3C35-39DD-4317-9CFA-AE3D1980FC1C}.Debug|Any CPU.Build.0 = Debug|Any CPU
		{C38B3C35-39DD-4317-9CFA-AE3D1980FC1C}.Release|Any CPU.ActiveCfg = Release|Any CPU
		{C38B3C35-39DD-4317-9CFA-AE3D1980FC1C}.Release|Any CPU.Build.0 = Release|Any CPU
	EndGlobalSection
	GlobalSection(SolutionProperties) = preSolution
		HideSolutionNode = FALSE
	EndGlobalSection
	GlobalSection(ExtensibilityGlobals) = postSolution
		SolutionGuid = {8964A877-8EB0-46D2-BD57-41782FD6F412}
	EndGlobalSection
EndGlobal
